%{
  "backoff": {:hex, :backoff, "1.1.6", "83b72ed2108ba1ee8f7d1c22e0b4a00cfe3593a67dbc792799e8cce9f42f796b", [:rebar3], [], "hexpm", "cf0cfff8995fb20562f822e5cc47d8ccf664c5ecdc26a684cbe85c225f9d7c39"},
  "blunt_data": {:git, "https://github.com/blunt-elixir/blunt.git", "954cc7a2b19122a5126aa2cb1c6c581a87734430", [ref: "reorg", sparse: "apps/blunt_data"]},
  "commanded": {:hex, :commanded, "1.3.1", "d18a73bface68c04cbbda69647604a3cc1918fbdf8af4a784fc3a3a30ca34a13", [:mix], [{:backoff, "~> 1.1", [hex: :backoff, repo: "hexpm", optional: false]}, {:elixir_uuid, "~> 1.2", [hex: :elixir_uuid, repo: "hexpm", optional: false]}, {:jason, "~> 1.2", [hex: :jason, repo: "hexpm", optional: true]}, {:phoenix_pubsub, "~> 2.0", [hex: :phoenix_pubsub, repo: "hexpm", optional: true]}, {:telemetry, "~> 0.4 or ~> 1.0", [hex: :telemetry, repo: "hexpm", optional: false]}, {:telemetry_registry, "~> 0.2", [hex: :telemetry_registry, repo: "hexpm", optional: false]}], "hexpm", "9bd03ef6fc05e3a8fb4d0808f13a2106688e60ee4b2bdb78cf7e63a6788c9faf"},
  "decimal": {:hex, :decimal, "2.0.0", "a78296e617b0f5dd4c6caf57c714431347912ffb1d0842e998e9792b5642d697", [:mix], [], "hexpm", "34666e9c55dea81013e77d9d87370fe6cb6291d1ef32f46a1600230b1d44f577"},
  "ecto": {:hex, :ecto, "3.8.4", "e06b8b87e62b27fea17fd2ff6041572ddd10339fd16cdf58446e402c6c90a74b", [:mix], [{:decimal, "~> 1.6 or ~> 2.0", [hex: :decimal, repo: "hexpm", optional: false]}, {:jason, "~> 1.0", [hex: :jason, repo: "hexpm", optional: true]}, {:telemetry, "~> 0.4 or ~> 1.0", [hex: :telemetry, repo: "hexpm", optional: false]}], "hexpm", "f9244288b8d42db40515463a008cf3f4e0e564bb9c249fe87bf28a6d79fe82d4"},
  "elixir_uuid": {:hex, :elixir_uuid, "1.2.1", "dce506597acb7e6b0daeaff52ff6a9043f5919a4c3315abb4143f0b00378c097", [:mix], [], "hexpm", "f7eba2ea6c3555cea09706492716b0d87397b88946e6380898c2889d68585752"},
  "ex_machina": {:hex, :ex_machina, "2.7.0", "b792cc3127fd0680fecdb6299235b4727a4944a09ff0fa904cc639272cd92dc7", [:mix], [{:ecto, "~> 2.2 or ~> 3.0", [hex: :ecto, repo: "hexpm", optional: true]}, {:ecto_sql, "~> 3.0", [hex: :ecto_sql, repo: "hexpm", optional: true]}], "hexpm", "419aa7a39bde11894c87a615c4ecaa52d8f107bbdd81d810465186f783245bf8"},
  "faker": {:hex, :faker, "0.17.0", "671019d0652f63aefd8723b72167ecdb284baf7d47ad3a82a15e9b8a6df5d1fa", [:mix], [], "hexpm", "a7d4ad84a93fd25c5f5303510753789fc2433ff241bf3b4144d3f6f291658a6a"},
  "telemetry": {:hex, :telemetry, "1.1.0", "a589817034a27eab11144ad24d5c0f9fab1f58173274b1e9bae7074af9cbee51", [:rebar3], [], "hexpm", "b727b2a1f75614774cff2d7565b64d0dfa5bd52ba517f16543e6fc7efcc0df48"},
  "telemetry_registry": {:hex, :telemetry_registry, "0.3.0", "6768f151ea53fc0fbca70dbff5b20a8d663ee4e0c0b2ae589590e08658e76f1e", [:mix, :rebar3], [{:telemetry, "~> 1.0", [hex: :telemetry, repo: "hexpm", optional: false]}], "hexpm", "492e2adbc609f3e79ece7f29fec363a97a2c484ac78a83098535d6564781e917"},
}
